
Microsoft Visual Studio Solution File, Format Version 12.00
# Visual Studio Version 17
VisualStudioVersion = 17.4.33213.308
MinimumVisualStudioVersion = 10.0.40219.1
Project("{9A19103F-16F7-4668-BE54-9A1E7A4F7556}") = "1-OlaMundo", "1-OlaMundo\1-OlaMundo.csproj", "{518EE16F-DC73-4F26-B249-1568665EB519}"
EndProject
Project("{FAE04EC0-301F-11D3-BF4B-00C04F79EFBC}") = "2-CriandoVariaveis", "2-CriandoVariaveis\2-CriandoVariaveis.csproj", "{C3833AEF-10A2-4BCA-816B-DA0C7EBE4FCB}"
EndProject
Project("{FAE04EC0-301F-11D3-BF4B-00C04F79EFBC}") = "3-CriandoVariaveisPontosFlutuantes", "3-CriandoVariaveisPontosFlutuantes\3-CriandoVariaveisPontosFlutuantes.csproj", "{C5AC0299-16AF-4B17-80A1-F6E267EB3A8F}"
EndProject
Global
	GlobalSection(SolutionConfigurationPlatforms) = preSolution
		Debug|Any CPU = Debug|Any CPU
		Release|Any CPU = Release|Any CPU
	EndGlobalSection
	GlobalSection(ProjectConfigurationPlatforms) = postSolution
		{518EE16F-DC73-4F26-B249-1568665EB519}.Debug|Any CPU.ActiveCfg = Debug|Any CPU
		{518EE16F-DC73-4F26-B249-1568665EB519}.Debug|Any CPU.Build.0 = Debug|Any CPU
		{518EE16F-DC73-4F26-B249-1568665EB519}.Release|Any CPU.ActiveCfg = Release|Any CPU
		{518EE16F-DC73-4F26-B249-1568665EB519}.Release|Any CPU.Build.0 = Release|Any CPU
		{C3833AEF-10A2-4BCA-816B-DA0C7EBE4FCB}.Debug|Any CPU.ActiveCfg = Debug|Any CPU
		{C3833AEF-10A2-4BCA-816B-DA0C7EBE4FCB}.Debug|Any CPU.Build.0 = Debug|Any CPU
		{C3833AEF-10A2-4BCA-816B-DA0C7EBE4FCB}.Release|Any CPU.ActiveCfg = Release|Any CPU
		{C3833AEF-10A2-4BCA-816B-DA0C7EBE4FCB}.Release|Any CPU.Build.0 = Release|Any CPU
		{C5AC0299-16AF-4B17-80A1-F6E267EB3A8F}.Debug|Any CPU.ActiveCfg = Debug|Any CPU
		{C5AC0299-16AF-4B17-80A1-F6E267EB3A8F}.Debug|Any CPU.Build.0 = Debug|Any CPU
		{C5AC0299-16AF-4B17-80A1-F6E267EB3A8F}.Release|Any CPU.ActiveCfg = Release|Any CPU
		{C5AC0299-16AF-4B17-80A1-F6E267EB3A8F}.Release|Any CPU.Build.0 = Release|Any CPU
	EndGlobalSection
	GlobalSection(SolutionProperties) = preSolution
		HideSolutionNode = FALSE
	EndGlobalSection
	GlobalSection(ExtensibilityGlobals) = postSolution
		SolutionGuid = {DA5BAC6D-6659-47C8-A78F-E2DBF1025BCD}
	EndGlobalSection
EndGlobal
